
Microsoft Visual Studio Solution File, Format Version 12.00
# Visual Studio Version 17
VisualStudioVersion = 17.0.31903.59
MinimumVisualStudioVersion = 10.0.40219.1
Project("{FAE04EC0-301F-11D3-BF4B-00C04F79EFBC}") = "student-course-timetable", "student-course-timetable.csproj", "{FDE2944B-AD55-4C71-B19A-15CBF284EC48}"
EndProject
Global
	GlobalSection(SolutionConfigurationPlatforms) = preSolution
		Debug|Any CPU = Debug|Any CPU
		Release|Any CPU = Release|Any CPU
	EndGlobalSection
	GlobalSection(SolutionProperties) = preSolution
		HideSolutionNode = FALSE
	EndGlobalSection
	GlobalSection(ProjectConfigurationPlatforms) = postSolution
		{FDE2944B-AD55-4C71-B19A-15CBF284EC48}.Debug|Any CPU.ActiveCfg = Debug|Any CPU
		{FDE2944B-AD55-4C71-B19A-15CBF284EC48}.Debug|Any CPU.Build.0 = Debug|Any CPU
		{FDE2944B-AD55-4C71-B19A-15CBF284EC48}.Release|Any CPU.ActiveCfg = Release|Any CPU
		{FDE2944B-AD55-4C71-B19A-15CBF284EC48}.Release|Any CPU.Build.0 = Release|Any CPU
	EndGlobalSection
EndGlobal
